
Microsoft Visual Studio Solution File, Format Version 12.00
# Visual Studio Version 16
VisualStudioVersion = 16.0.30011.22
MinimumVisualStudioVersion = 10.0.40219.1
Project("{FAE04EC0-301F-11D3-BF4B-00C04F79EFBC}") = "TextBox", "TextBox\TextBox.csproj", "{17460BBD-BDFB-4F78-9545-FA3846445CAF}"
EndProject
Global
	GlobalSection(SolutionConfigurationPlatforms) = preSolution
		Debug|Any CPU = Debug|Any CPU
		Release|Any CPU = Release|Any CPU
	EndGlobalSection
	GlobalSection(ProjectConfigurationPlatforms) = postSolution
		{17460BBD-BDFB-4F78-9545-FA3846445CAF}.Debug|Any CPU.ActiveCfg = Debug|Any CPU
		{17460BBD-BDFB-4F78-9545-FA3846445CAF}.Debug|Any CPU.Build.0 = Debug|Any CPU
		{17460BBD-BDFB-4F78-9545-FA3846445CAF}.Release|Any CPU.ActiveCfg = Release|Any CPU
		{17460BBD-BDFB-4F78-9545-FA3846445CAF}.Release|Any CPU.Build.0 = Release|Any CPU
	EndGlobalSection
	GlobalSection(SolutionProperties) = preSolution
		HideSolutionNode = FALSE
	EndGlobalSection
	GlobalSection(ExtensibilityGlobals) = postSolution
		SolutionGuid = {ED2D93A6-DEC1-4F6D-B6A7-04913AFDCCE7}
	EndGlobalSection
EndGlobal
